
Microsoft Visual Studio Solution File, Format Version 12.00
# Visual Studio 15
VisualStudioVersion = 15.0.27004.2010
MinimumVisualStudioVersion = 10.0.40219.1
Project("{FAE04EC0-301F-11D3-BF4B-00C04F79EFBC}") = "API_", "API_\API_.csproj", "{A6010D80-CCD2-4A19-B6BF-7A3D04C9AA38}"
EndProject
Global
	GlobalSection(SolutionConfigurationPlatforms) = preSolution
		Debug|Any CPU = Debug|Any CPU
		Release|Any CPU = Release|Any CPU
	EndGlobalSection
	GlobalSection(ProjectConfigurationPlatforms) = postSolution
		{A6010D80-CCD2-4A19-B6BF-7A3D04C9AA38}.Debug|Any CPU.ActiveCfg = Debug|Any CPU
		{A6010D80-CCD2-4A19-B6BF-7A3D04C9AA38}.Debug|Any CPU.Build.0 = Debug|Any CPU
		{A6010D80-CCD2-4A19-B6BF-7A3D04C9AA38}.Release|Any CPU.ActiveCfg = Release|Any CPU
		{A6010D80-CCD2-4A19-B6BF-7A3D04C9AA38}.Release|Any CPU.Build.0 = Release|Any CPU
	EndGlobalSection
	GlobalSection(SolutionProperties) = preSolution
		HideSolutionNode = FALSE
	EndGlobalSection
	GlobalSection(ExtensibilityGlobals) = postSolution
		SolutionGuid = {68A2A434-D1D3-4AF0-8624-91549FCA9D35}
	EndGlobalSection
EndGlobal
